// !$*UTF8*$!
{
	archiveVersion = 1;
	classes = {
	};
	objectVersion = 46;
	objects = {

/* Begin PBXBuildFile section */
		692BC3AE1C55251A00B69782 /* ImageUtil.mm in Sources */ = {isa = PBXBuildFile; fileRef = 692BC3AD1C55251A00B69782 /* ImageUtil.mm */; };
		692BC3B11C552E9400B69782 /* GrayscalePreviewViewController.m in Sources */ = {isa = PBXBuildFile; fileRef = 692BC3B01C552E9400B69782 /* GrayscalePreviewViewController.m */; };
		692BC3B51C5531F800B69782 /* DetectorPreviewViewController.m in Sources */ = {isa = PBXBuildFile; fileRef = 692BC3B41C5531F800B69782 /* DetectorPreviewViewController.m */; };
		692BC3BA1C55867800B69782 /* lbpcascade_frontalface.xml in Resources */ = {isa = PBXBuildFile; fileRef = 692BC3B91C55867800B69782 /* lbpcascade_frontalface.xml */; };
		69EF131F1C5516CD0038C2B4 /* main.m in Sources */ = {isa = PBXBuildFile; fileRef = 69EF131E1C5516CD0038C2B4 /* main.m */; };
		69EF13221C5516CD0038C2B4 /* AppDelegate.m in Sources */ = {isa = PBXBuildFile; fileRef = 69EF13211C5516CD0038C2B4 /* AppDelegate.m */; };
		69EF13251C5516CD0038C2B4 /* ViewController.mm in Sources */ = {isa = PBXBuildFile; fileRef = 69EF13241C5516CD0038C2B4 /* ViewController.mm */; };
		69EF13281C5516CD0038C2B4 /* Main.storyboard in Resources */ = {isa = PBXBuildFile; fileRef = 69EF13261C5516CD0038C2B4 /* Main.storyboard */; };
		69EF132A1C5516CD0038C2B4 /* Assets.xcassets in Resources */ = {isa = PBXBuildFile; fileRef = 69EF13291C5516CD0038C2B4 /* Assets.xcassets */; };
		69EF132D1C5516CD0038C2B4 /* LaunchScreen.storyboard in Resources */ = {isa = PBXBuildFile; fileRef = 69EF132B1C5516CD0038C2B4 /* LaunchScreen.storyboard */; };
		69EF13381C5516CD0038C2B4 /* SudokuTests.m in Sources */ = {isa = PBXBuildFile; fileRef = 69EF13371C5516CD0038C2B4 /* SudokuTests.m */; };
		69EF13431C5516CD0038C2B4 /* SudokuUITests.m in Sources */ = {isa = PBXBuildFile; fileRef = 69EF13421C5516CD0038C2B4 /* SudokuUITests.m */; };
		69F1621B1C55BBA600B3FE3C /* ThresholdPreviewViewController.m in Sources */ = {isa = PBXBuildFile; fileRef = 69F1621A1C55BBA600B3FE3C /* ThresholdPreviewViewController.m */; };
		69F1621E1C55BBE700B3FE3C /* PreviewViewController.m in Sources */ = {isa = PBXBuildFile; fileRef = 69F1621D1C55BBE700B3FE3C /* PreviewViewController.m */; };
		69F162201C55CB0E00B3FE3C /* haarcascade_frontalface_alt2.xml in Resources */ = {isa = PBXBuildFile; fileRef = 69F1621F1C55CB0E00B3FE3C /* haarcascade_frontalface_alt2.xml */; };
		8C842E5531E11E8B4EAD4DC7 /* libPods-Sudoku.a in Frameworks */ = {isa = PBXBuildFile; fileRef = 76F271BCBD0837F348443E23 /* libPods-Sudoku.a */; };
/* End PBXBuildFile section */

/* Begin PBXContainerItemProxy section */
		69EF13341C5516CD0038C2B4 /* PBXContainerItemProxy */ = {
			isa = PBXContainerItemProxy;
			containerPortal = 69EF13121C5516CD0038C2B4 /* Project object */;
			proxyType = 1;
			remoteGlobalIDString = 69EF13191C5516CD0038C2B4;
			remoteInfo = Sudoku;
		};
		69EF133F1C5516CD0038C2B4 /* PBXContainerItemProxy */ = {
			isa = PBXContainerItemProxy;
			containerPortal = 69EF13121C5516CD0038C2B4 /* Project object */;
			proxyType = 1;
			remoteGlobalIDString = 69EF13191C5516CD0038C2B4;
			remoteInfo = Sudoku;
		};
/* End PBXContainerItemProxy section */

/* Begin PBXFileReference section */
		41FA458277748E302B2DA70C /* Pods-Sudoku.release.xcconfig */ = {isa = PBXFileReference; includeInIndex = 1; lastKnownFileType = text.xcconfig; name = "Pods-Sudoku.release.xcconfig"; path = "Pods/Target Support Files/Pods-Sudoku/Pods-Sudoku.release.xcconfig"; sourceTree = "<group>"; };
		692BC3AC1C55251A00B69782 /* ImageUtil.h */ = {isa = PBXFileReference; fileEncoding = 4; lastKnownFileType = sourcecode.c.h; path = ImageUtil.h; sourceTree = "<group>"; };
		692BC3AD1C55251A00B69782 /* ImageUtil.mm */ = {isa = PBXFileReference; fileEncoding = 4; lastKnownFileType = sourcecode.cpp.objcpp; path = ImageUtil.mm; sourceTree = "<group>"; };
		692BC3AF1C552E9400B69782 /* GrayscalePreviewViewController.h */ = {isa = PBXFileReference; fileEncoding = 4; lastKnownFileType = sourcecode.c.h; path = GrayscalePreviewViewController.h; sourceTree = "<group>"; };
		692BC3B01C552E9400B69782 /* GrayscalePreviewViewController.m */ = {isa = PBXFileReference; fileEncoding = 4; lastKnownFileType = sourcecode.c.objc; path = GrayscalePreviewViewController.m; sourceTree = "<group>"; };
		692BC3B31C5531F800B69782 /* DetectorPreviewViewController.h */ = {isa = PBXFileReference; fileEncoding = 4; lastKnownFileType = sourcecode.c.h; path = DetectorPreviewViewController.h; sourceTree = "<group>"; };
		692BC3B41C5531F800B69782 /* DetectorPreviewViewController.m */ = {isa = PBXFileReference; fileEncoding = 4; lastKnownFileType = sourcecode.c.objc; path = DetectorPreviewViewController.m; sourceTree = "<group>"; };
		692BC3B91C55867800B69782 /* lbpcascade_frontalface.xml */ = {isa = PBXFileReference; fileEncoding = 4; lastKnownFileType = text.xml; path = lbpcascade_frontalface.xml; sourceTree = "<group>"; };
		69EF131A1C5516CD0038C2B4 /* Sudoku.app */ = {isa = PBXFileReference; explicitFileType = wrapper.application; includeInIndex = 0; path = Sudoku.app; sourceTree = BUILT_PRODUCTS_DIR; };
		69EF131E1C5516CD0038C2B4 /* main.m */ = {isa = PBXFileReference; lastKnownFileType = sourcecode.c.objc; path = main.m; sourceTree = "<group>"; };
		69EF13201C5516CD0038C2B4 /* AppDelegate.h */ = {isa = PBXFileReference; lastKnownFileType = sourcecode.c.h; path = AppDelegate.h; sourceTree = "<group>"; };
		69EF13211C5516CD0038C2B4 /* AppDelegate.m */ = {isa = PBXFileReference; lastKnownFileType = sourcecode.c.objc; path = AppDelegate.m; sourceTree = "<group>"; };
		69EF13231C5516CD0038C2B4 /* ViewController.h */ = {isa = PBXFileReference; lastKnownFileType = sourcecode.c.h; path = ViewController.h; sourceTree = "<group>"; };
		69EF13241C5516CD0038C2B4 /* ViewController.mm */ = {isa = PBXFileReference; lastKnownFileType = sourcecode.cpp.objcpp; path = ViewController.mm; sourceTree = "<group>"; };
		69EF13271C5516CD0038C2B4 /* Base */ = {isa = PBXFileReference; lastKnownFileType = file.storyboard; name = Base; path = Base.lproj/Main.storyboard; sourceTree = "<group>"; };
		69EF13291C5516CD0038C2B4 /* Assets.xcassets */ = {isa = PBXFileReference; lastKnownFileType = folder.assetcatalog; path = Assets.xcassets; sourceTree = "<group>"; };
		69EF132C1C5516CD0038C2B4 /* Base */ = {isa = PBXFileReference; lastKnownFileType = file.storyboard; name = Base; path = Base.lproj/LaunchScreen.storyboard; sourceTree = "<group>"; };
		69EF132E1C5516CD0038C2B4 /* Info.plist */ = {isa = PBXFileReference; lastKnownFileType = text.plist.xml; path = Info.plist; sourceTree = "<group>"; };
		69EF13331C5516CD0038C2B4 /* SudokuTests.xctest */ = {isa = PBXFileReference; explicitFileType = wrapper.cfbundle; includeInIndex = 0; path = SudokuTests.xctest; sourceTree = BUILT_PRODUCTS_DIR; };
		69EF13371C5516CD0038C2B4 /* SudokuTests.m */ = {isa = PBXFileReference; lastKnownFileType = sourcecode.c.objc; path = SudokuTests.m; sourceTree = "<group>"; };
		69EF13391C5516CD0038C2B4 /* Info.plist */ = {isa = PBXFileReference; lastKnownFileType = text.plist.xml; path = Info.plist; sourceTree = "<group>"; };
		69EF133E1C5516CD0038C2B4 /* SudokuUITests.xctest */ = {isa = PBXFileReference; explicitFileType = wrapper.cfbundle; includeInIndex = 0; path = SudokuUITests.xctest; sourceTree = BUILT_PRODUCTS_DIR; };
		69EF13421C5516CD0038C2B4 /* SudokuUITests.m */ = {isa = PBXFileReference; lastKnownFileType = sourcecode.c.objc; path = SudokuUITests.m; sourceTree = "<group>"; };
		69EF13441C5516CD0038C2B4 /* Info.plist */ = {isa = PBXFileReference; lastKnownFileType = text.plist.xml; path = Info.plist; sourceTree = "<group>"; };
		69F162191C55BBA600B3FE3C /* ThresholdPreviewViewController.h */ = {isa = PBXFileReference; fileEncoding = 4; lastKnownFileType = sourcecode.c.h; path = ThresholdPreviewViewController.h; sourceTree = "<group>"; };
		69F1621A1C55BBA600B3FE3C /* ThresholdPreviewViewController.m */ = {isa = PBXFileReference; fileEncoding = 4; lastKnownFileType = sourcecode.c.objc; path = ThresholdPreviewViewController.m; sourceTree = "<group>"; };
		69F1621C1C55BBE700B3FE3C /* PreviewViewController.h */ = {isa = PBXFileReference; fileEncoding = 4; lastKnownFileType = sourcecode.c.h; path = PreviewViewController.h; sourceTree = "<group>"; };
		69F1621D1C55BBE700B3FE3C /* PreviewViewController.m */ = {isa = PBXFileReference; fileEncoding = 4; lastKnownFileType = sourcecode.c.objc; path = PreviewViewController.m; sourceTree = "<group>"; };
		69F1621F1C55CB0E00B3FE3C /* haarcascade_frontalface_alt2.xml */ = {isa = PBXFileReference; fileEncoding = 4; lastKnownFileType = text.xml; name = haarcascade_frontalface_alt2.xml; path = ../../../Desktop/opencv/data/haarcascades/haarcascade_frontalface_alt2.xml; sourceTree = "<group>"; };
		69F162211C55CF0000B3FE3C /* CoreMotion.framework */ = {isa = PBXFileReference; lastKnownFileType = wrapper.framework; name = CoreMotion.framework; path = System/Library/Frameworks/CoreMotion.framework; sourceTree = SDKROOT; };
		6E1CCA189C123C9E680954D3 /* Pods-Sudoku.debug.xcconfig */ = {isa = PBXFileReference; includeInIndex = 1; lastKnownFileType = text.xcconfig; name = "Pods-Sudoku.debug.xcconfig"; path = "Pods/Target Support Files/Pods-Sudoku/Pods-Sudoku.debug.xcconfig"; sourceTree = "<group>"; };
		76F271BCBD0837F348443E23 /* libPods-Sudoku.a */ = {isa = PBXFileReference; explicitFileType = archive.ar; includeInIndex = 0; path = "libPods-Sudoku.a"; sourceTree = BUILT_PRODUCTS_DIR; };
/* End PBXFileReference section */

/* Begin PBXFrameworksBuildPhase section */
		69EF13171C5516CD0038C2B4 /* Frameworks */ = {
			isa = PBXFrameworksBuildPhase;
			buildActionMask = 2147483647;
			files = (
				8C842E5531E11E8B4EAD4DC7 /* libPods-Sudoku.a in Frameworks */,
			);
			runOnlyForDeploymentPostprocessing = 0;
		};
		69EF13301C5516CD0038C2B4 /* Frameworks */ = {
			isa = PBXFrameworksBuildPhase;
			buildActionMask = 2147483647;
			files = (
			);
			runOnlyForDeploymentPostprocessing = 0;
		};
		69EF133B1C5516CD0038C2B4 /* Frameworks */ = {
			isa = PBXFrameworksBuildPhase;
			buildActionMask = 2147483647;
			files = (
			);
			runOnlyForDeploymentPostprocessing = 0;
		};
/* End PBXFrameworksBuildPhase section */

/* Begin PBXGroup section */
		243455E7E764F998CBAEF649 /* Frameworks */ = {
			isa = PBXGroup;
			children = (
				69F162211C55CF0000B3FE3C /* CoreMotion.framework */,
				76F271BCBD0837F348443E23 /* libPods-Sudoku.a */,
			);
			name = Frameworks;
			sourceTree = "<group>";
		};
		692BC3B21C552E9A00B69782 /* ViewControllers */ = {
			isa = PBXGroup;
			children = (
				69EF13231C5516CD0038C2B4 /* ViewController.h */,
				69EF13241C5516CD0038C2B4 /* ViewController.mm */,
				692BC3AF1C552E9400B69782 /* GrayscalePreviewViewController.h */,
				692BC3B01C552E9400B69782 /* GrayscalePreviewViewController.m */,
				692BC3B31C5531F800B69782 /* DetectorPreviewViewController.h */,
				692BC3B41C5531F800B69782 /* DetectorPreviewViewController.m */,
				69F162191C55BBA600B3FE3C /* ThresholdPreviewViewController.h */,
				69F1621A1C55BBA600B3FE3C /* ThresholdPreviewViewController.m */,
				69F1621C1C55BBE700B3FE3C /* PreviewViewController.h */,
				69F1621D1C55BBE700B3FE3C /* PreviewViewController.m */,
			);
			name = ViewControllers;
			sourceTree = "<group>";
		};
		69EF13111C5516CD0038C2B4 = {
			isa = PBXGroup;
			children = (
				69EF131C1C5516CD0038C2B4 /* Sudoku */,
				69EF13361C5516CD0038C2B4 /* SudokuTests */,
				69EF13411C5516CD0038C2B4 /* SudokuUITests */,
				69EF131B1C5516CD0038C2B4 /* Products */,
				8A944967B55C9F56501F1971 /* Pods */,
				243455E7E764F998CBAEF649 /* Frameworks */,
			);
			sourceTree = "<group>";
		};
		69EF131B1C5516CD0038C2B4 /* Products */ = {
			isa = PBXGroup;
			children = (
				69EF131A1C5516CD0038C2B4 /* Sudoku.app */,
				69EF13331C5516CD0038C2B4 /* SudokuTests.xctest */,
				69EF133E1C5516CD0038C2B4 /* SudokuUITests.xctest */,
			);
			name = Products;
			sourceTree = "<group>";
		};
		69EF131C1C5516CD0038C2B4 /* Sudoku */ = {
			isa = PBXGroup;
			children = (
				692BC3AC1C55251A00B69782 /* ImageUtil.h */,
				692BC3AD1C55251A00B69782 /* ImageUtil.mm */,
				69EF13201C5516CD0038C2B4 /* AppDelegate.h */,
				69EF13211C5516CD0038C2B4 /* AppDelegate.m */,
				692BC3B21C552E9A00B69782 /* ViewControllers */,
				69EF13261C5516CD0038C2B4 /* Main.storyboard */,
				69EF13291C5516CD0038C2B4 /* Assets.xcassets */,
				69EF132B1C5516CD0038C2B4 /* LaunchScreen.storyboard */,
				69EF132E1C5516CD0038C2B4 /* Info.plist */,
				69EF131D1C5516CD0038C2B4 /* Supporting Files */,
			);
			path = Sudoku;
			sourceTree = "<group>";
		};
		69EF131D1C5516CD0038C2B4 /* Supporting Files */ = {
			isa = PBXGroup;
			children = (
				69F1621F1C55CB0E00B3FE3C /* haarcascade_frontalface_alt2.xml */,
				692BC3B91C55867800B69782 /* lbpcascade_frontalface.xml */,
				69EF131E1C5516CD0038C2B4 /* main.m */,
			);
			name = "Supporting Files";
			sourceTree = "<group>";
		};
		69EF13361C5516CD0038C2B4 /* SudokuTests */ = {
			isa = PBXGroup;
			children = (
				69EF13371C5516CD0038C2B4 /* SudokuTests.m */,
				69EF13391C5516CD0038C2B4 /* Info.plist */,
			);
			path = SudokuTests;
			sourceTree = "<group>";
		};
		69EF13411C5516CD0038C2B4 /* SudokuUITests */ = {
			isa = PBXGroup;
			children = (
				69EF13421C5516CD0038C2B4 /* SudokuUITests.m */,
				69EF13441C5516CD0038C2B4 /* Info.plist */,
			);
			path = SudokuUITests;
			sourceTree = "<group>";
		};
		8A944967B55C9F56501F1971 /* Pods */ = {
			isa = PBXGroup;
			children = (
				6E1CCA189C123C9E680954D3 /* Pods-Sudoku.debug.xcconfig */,
				41FA458277748E302B2DA70C /* Pods-Sudoku.release.xcconfig */,
			);
			name = Pods;
			sourceTree = "<group>";
		};
/* End PBXGroup section */

/* Begin PBXNativeTarget section */
		69EF13191C5516CD0038C2B4 /* Sudoku */ = {
			isa = PBXNativeTarget;
			buildConfigurationList = 69EF13471C5516CD0038C2B4 /* Build configuration list for PBXNativeTarget "Sudoku" */;
			buildPhases = (
				251139F933BD471C80B05162 /* Check Pods Manifest.lock */,
				69EF13161C5516CD0038C2B4 /* Sources */,
				69EF13171C5516CD0038C2B4 /* Frameworks */,
				69EF13181C5516CD0038C2B4 /* Resources */,
				DEFD0F3EF26C5FBB3AC5ABAF /* Embed Pods Frameworks */,
				83C177985FD72CD23FA4830C /* Copy Pods Resources */,
			);
			buildRules = (
			);
			dependencies = (
			);
			name = Sudoku;
			productName = Sudoku;
			productReference = 69EF131A1C5516CD0038C2B4 /* Sudoku.app */;
			productType = "com.apple.product-type.application";
		};
		69EF13321C5516CD0038C2B4 /* SudokuTests */ = {
			isa = PBXNativeTarget;
			buildConfigurationList = 69EF134A1C5516CD0038C2B4 /* Build configuration list for PBXNativeTarget "SudokuTests" */;
			buildPhases = (
				69EF132F1C5516CD0038C2B4 /* Sources */,
				69EF13301C5516CD0038C2B4 /* Frameworks */,
				69EF13311C5516CD0038C2B4 /* Resources */,
			);
			buildRules = (
			);
			dependencies = (
				69EF13351C5516CD0038C2B4 /* PBXTargetDependency */,
			);
			name = SudokuTests;
			productName = SudokuTests;
			productReference = 69EF13331C5516CD0038C2B4 /* SudokuTests.xctest */;
			productType = "com.apple.product-type.bundle.unit-test";
		};
		69EF133D1C5516CD0038C2B4 /* SudokuUITests */ = {
			isa = PBXNativeTarget;
			buildConfigurationList = 69EF134D1C5516CD0038C2B4 /* Build configuration list for PBXNativeTarget "SudokuUITests" */;
			buildPhases = (
				69EF133A1C5516CD0038C2B4 /* Sources */,
				69EF133B1C5516CD0038C2B4 /* Frameworks */,
				69EF133C1C5516CD0038C2B4 /* Resources */,
			);
			buildRules = (
			);
			dependencies = (
				69EF13401C5516CD0038C2B4 /* PBXTargetDependency */,
			);
			name = SudokuUITests;
			productName = SudokuUITests;
			productReference = 69EF133E1C5516CD0038C2B4 /* SudokuUITests.xctest */;
			productType = "com.apple.product-type.bundle.ui-testing";
		};
/* End PBXNativeTarget section */

/* Begin PBXProject section */
		69EF13121C5516CD0038C2B4 /* Project object */ = {
			isa = PBXProject;
			attributes = {
				LastUpgradeCheck = 0720;
				ORGANIZATIONNAME = "Justin Chapman";
				TargetAttributes = {
					69EF13191C5516CD0038C2B4 = {
						CreatedOnToolsVersion = 7.2;
						DevelopmentTeam = AD3GVQT6AE;
					};
					69EF13321C5516CD0038C2B4 = {
						CreatedOnToolsVersion = 7.2;
						DevelopmentTeam = AD3GVQT6AE;
						TestTargetID = 69EF13191C5516CD0038C2B4;
					};
					69EF133D1C5516CD0038C2B4 = {
						CreatedOnToolsVersion = 7.2;
						DevelopmentTeam = AD3GVQT6AE;
						TestTargetID = 69EF13191C5516CD0038C2B4;
					};
				};
			};
			buildConfigurationList = 69EF13151C5516CD0038C2B4 /* Build configuration list for PBXProject "Sudoku" */;
			compatibilityVersion = "Xcode 3.2";
			developmentRegion = English;
			hasScannedForEncodings = 0;
			knownRegions = (
				en,
				Base,
			);
			mainGroup = 69EF13111C5516CD0038C2B4;
			productRefGroup = 69EF131B1C5516CD0038C2B4 /* Products */;
			projectDirPath = "";
			projectRoot = "";
			targets = (
				69EF13191C5516CD0038C2B4 /* Sudoku */,
				69EF13321C5516CD0038C2B4 /* SudokuTests */,
				69EF133D1C5516CD0038C2B4 /* SudokuUITests */,
			);
		};
/* End PBXProject section */

/* Begin PBXResourcesBuildPhase section */
		69EF13181C5516CD0038C2B4 /* Resources */ = {
			isa = PBXResourcesBuildPhase;
			buildActionMask = 2147483647;
			files = (
				69EF132D1C5516CD0038C2B4 /* LaunchScreen.storyboard in Resources */,
				69EF132A1C5516CD0038C2B4 /* Assets.xcassets in Resources */,
				69F162201C55CB0E00B3FE3C /* haarcascade_frontalface_alt2.xml in Resources */,
				69EF13281C5516CD0038C2B4 /* Main.storyboard in Resources */,
				692BC3BA1C55867800B69782 /* lbpcascade_frontalface.xml in Resources */,
			);
			runOnlyForDeploymentPostprocessing = 0;
		};
		69EF13311C5516CD0038C2B4 /* Resources */ = {
			isa = PBXResourcesBuildPhase;
			buildActionMask = 2147483647;
			files = (
			);
			runOnlyForDeploymentPostprocessing = 0;
		};
		69EF133C1C5516CD0038C2B4 /* Resources */ = {
			isa = PBXResourcesBuildPhase;
			buildActionMask = 2147483647;
			files = (
			);
			runOnlyForDeploymentPostprocessing = 0;
		};
/* End PBXResourcesBuildPhase section */

/* Begin PBXShellScriptBuildPhase section */
		251139F933BD471C80B05162 /* Check Pods Manifest.lock */ = {
			isa = PBXShellScriptBuildPhase;
			buildActionMask = 2147483647;
			files = (
			);
			inputPaths = (
			);
			name = "Check Pods Manifest.lock";
			outputPaths = (
			);
			runOnlyForDeploymentPostprocessing = 0;
			shellPath = /bin/sh;
			shellScript = "diff \"${PODS_ROOT}/../Podfile.lock\" \"${PODS_ROOT}/Manifest.lock\" > /dev/null\nif [[ $? != 0 ]] ; then\n    cat << EOM\nerror: The sandbox is not in sync with the Podfile.lock. Run 'pod install' or update your CocoaPods installation.\nEOM\n    exit 1\nfi\n";
			showEnvVarsInLog = 0;
		};
		83C177985FD72CD23FA4830C /* Copy Pods Resources */ = {
			isa = PBXShellScriptBuildPhase;
			buildActionMask = 2147483647;
			files = (
			);
			inputPaths = (
			);
			name = "Copy Pods Resources";
			outputPaths = (
			);
			runOnlyForDeploymentPostprocessing = 0;
			shellPath = /bin/sh;
			shellScript = "\"${SRCROOT}/Pods/Target Support Files/Pods-Sudoku/Pods-Sudoku-resources.sh\"\n";
			showEnvVarsInLog = 0;
		};
		DEFD0F3EF26C5FBB3AC5ABAF /* Embed Pods Frameworks */ = {
			isa = PBXShellScriptBuildPhase;
			buildActionMask = 2147483647;
			files = (
			);
			inputPaths = (
			);
			name = "Embed Pods Frameworks";
			outputPaths = (
			);
			runOnlyForDeploymentPostprocessing = 0;
			shellPath = /bin/sh;
			shellScript = "\"${SRCROOT}/Pods/Target Support Files/Pods-Sudoku/Pods-Sudoku-frameworks.sh\"\n";
			showEnvVarsInLog = 0;
		};
/* End PBXShellScriptBuildPhase section */

/* Begin PBXSourcesBuildPhase section */
		69EF13161C5516CD0038C2B4 /* Sources */ = {
			isa = PBXSourcesBuildPhase;
			buildActionMask = 2147483647;
			files = (
				692BC3AE1C55251A00B69782 /* ImageUtil.mm in Sources */,
				692BC3B51C5531F800B69782 /* DetectorPreviewViewController.m in Sources */,
				69EF13251C5516CD0038C2B4 /* ViewController.mm in Sources */,
				69F1621E1C55BBE700B3FE3C /* PreviewViewController.m in Sources */,
				69EF13221C5516CD0038C2B4 /* AppDelegate.m in Sources */,
				69EF131F1C5516CD0038C2B4 /* main.m in Sources */,
				692BC3B11C552E9400B69782 /* GrayscalePreviewViewController.m in Sources */,
				69F1621B1C55BBA600B3FE3C /* ThresholdPreviewViewController.m in Sources */,
			);
			runOnlyForDeploymentPostprocessing = 0;
		};
		69EF132F1C5516CD0038C2B4 /* Sources */ = {
			isa = PBXSourcesBuildPhase;
			buildActionMask = 2147483647;
			files = (
				69EF13381C5516CD0038C2B4 /* SudokuTests.m in Sources */,
			);
			runOnlyForDeploymentPostprocessing = 0;
		};
		69EF133A1C5516CD0038C2B4 /* Sources */ = {
			isa = PBXSourcesBuildPhase;
			buildActionMask = 2147483647;
			files = (
				69EF13431C5516CD0038C2B4 /* SudokuUITests.m in Sources */,
			);
			runOnlyForDeploymentPostprocessing = 0;
		};
/* End PBXSourcesBuildPhase section */

/* Begin PBXTargetDependency section */
		69EF13351C5516CD0038C2B4 /* PBXTargetDependency */ = {
			isa = PBXTargetDependency;
			target = 69EF13191C5516CD0038C2B4 /* Sudoku */;
			targetProxy = 69EF13341C5516CD0038C2B4 /* PBXContainerItemProxy */;
		};
		69EF13401C5516CD0038C2B4 /* PBXTargetDependency */ = {
			isa = PBXTargetDependency;
			target = 69EF13191C5516CD0038C2B4 /* Sudoku */;
			targetProxy = 69EF133F1C5516CD0038C2B4 /* PBXContainerItemProxy */;
		};
/* End PBXTargetDependency section */

/* Begin PBXVariantGroup section */
		69EF13261C5516CD0038C2B4 /* Main.storyboard */ = {
			isa = PBXVariantGroup;
			children = (
				69EF13271C5516CD0038C2B4 /* Base */,
			);
			name = Main.storyboard;
			sourceTree = "<group>";
		};
		69EF132B1C5516CD0038C2B4 /* LaunchScreen.storyboard */ = {
			isa = PBXVariantGroup;
			children = (
				69EF132C1C5516CD0038C2B4 /* Base */,
			);
			name = LaunchScreen.storyboard;
			sourceTree = "<group>";
		};
/* End PBXVariantGroup section */

/* Begin XCBuildConfiguration section */
		69EF13451C5516CD0038C2B4 /* Debug */ = {
			isa = XCBuildConfiguration;
			buildSettings = {
				ALWAYS_SEARCH_USER_PATHS = NO;
				CLANG_CXX_LANGUAGE_STANDARD = "gnu++0x";
				CLANG_CXX_LIBRARY = "libc++";
				CLANG_ENABLE_MODULES = YES;
				CLANG_ENABLE_OBJC_ARC = YES;
				CLANG_WARN_BOOL_CONVERSION = YES;
				CLANG_WARN_CONSTANT_CONVERSION = YES;
				CLANG_WARN_DIRECT_OBJC_ISA_USAGE = YES_ERROR;
				CLANG_WARN_EMPTY_BODY = YES;
				CLANG_WARN_ENUM_CONVERSION = YES;
				CLANG_WARN_INT_CONVERSION = YES;
				CLANG_WARN_OBJC_ROOT_CLASS = YES_ERROR;
				CLANG_WARN_UNREACHABLE_CODE = YES;
				CLANG_WARN__DUPLICATE_METHOD_MATCH = YES;
				"CODE_SIGN_IDENTITY[sdk=iphoneos*]" = "iPhone Developer";
				COPY_PHASE_STRIP = NO;
				DEBUG_INFORMATION_FORMAT = dwarf;
				ENABLE_STRICT_OBJC_MSGSEND = YES;
				ENABLE_TESTABILITY = YES;
				GCC_C_LANGUAGE_STANDARD = gnu99;
				GCC_DYNAMIC_NO_PIC = NO;
				GCC_NO_COMMON_BLOCKS = YES;
				GCC_OPTIMIZATION_LEVEL = 0;
				GCC_PREPROCESSOR_DEFINITIONS = (
					"DEBUG=1",
					"$(inherited)",
				);
				GCC_WARN_64_TO_32_BIT_CONVERSION = YES;
				GCC_WARN_ABOUT_RETURN_TYPE = YES_ERROR;
				GCC_WARN_UNDECLARED_SELECTOR = YES;
				GCC_WARN_UNINITIALIZED_AUTOS = YES_AGGRESSIVE;
				GCC_WARN_UNUSED_FUNCTION = YES;
				GCC_WARN_UNUSED_VARIABLE = YES;
				IPHONEOS_DEPLOYMENT_TARGET = 9.2;
				MTL_ENABLE_DEBUG_INFO = YES;
				ONLY_ACTIVE_ARCH = YES;
				SDKROOT = iphoneos;
			};
			name = Debug;
		};
		69EF13461C5516CD0038C2B4 /* Release */ = {
			isa = XCBuildConfiguration;
			buildSettings = {
				ALWAYS_SEARCH_USER_PATHS = NO;
				CLANG_CXX_LANGUAGE_STANDARD = "gnu++0x";
				CLANG_CXX_LIBRARY = "libc++";
				CLANG_ENABLE_MODULES = YES;
				CLANG_ENABLE_OBJC_ARC = YES;
				CLANG_WARN_BOOL_CONVERSION = YES;
				CLANG_WARN_CONSTANT_CONVERSION = YES;
				CLANG_WARN_DIRECT_OBJC_ISA_USAGE = YES_ERROR;
				CLANG_WARN_EMPTY_BODY = YES;
				CLANG_WARN_ENUM_CONVERSION = YES;
				CLANG_WARN_INT_CONVERSION = YES;
				CLANG_WARN_OBJC_ROOT_CLASS = YES_ERROR;
				CLANG_WARN_UNREACHABLE_CODE = YES;
				CLANG_WARN__DUPLICATE_METHOD_MATCH = YES;
				"CODE_SIGN_IDENTITY[sdk=iphoneos*]" = "iPhone Developer";
				COPY_PHASE_STRIP = NO;
				DEBUG_INFORMATION_FORMAT = "dwarf-with-dsym";
				ENABLE_NS_ASSERTIONS = NO;
				ENABLE_STRICT_OBJC_MSGSEND = YES;
				GCC_C_LANGUAGE_STANDARD = gnu99;
				GCC_NO_COMMON_BLOCKS = YES;
				GCC_WARN_64_TO_32_BIT_CONVERSION = YES;
				GCC_WARN_ABOUT_RETURN_TYPE = YES_ERROR;
				GCC_WARN_UNDECLARED_SELECTOR = YES;
				GCC_WARN_UNINITIALIZED_AUTOS = YES_AGGRESSIVE;
				GCC_WARN_UNUSED_FUNCTION = YES;
				GCC_WARN_UNUSED_VARIABLE = YES;
				IPHONEOS_DEPLOYMENT_TARGET = 9.2;
				MTL_ENABLE_DEBUG_INFO = NO;
				SDKROOT = iphoneos;
				VALIDATE_PRODUCT = YES;
			};
			name = Release;
		};
		69EF13481C5516CD0038C2B4 /* Debug */ = {
			isa = XCBuildConfiguration;
			baseConfigurationReference = 6E1CCA189C123C9E680954D3 /* Pods-Sudoku.debug.xcconfig */;
			buildSettings = {
				ASSETCATALOG_COMPILER_APPICON_NAME = AppIcon;
				ENABLE_BITCODE = NO;
				INFOPLIST_FILE = Sudoku/Info.plist;
				LD_RUNPATH_SEARCH_PATHS = "$(inherited) @executable_path/Frameworks";
				PRODUCT_BUNDLE_IDENTIFIER = jchap.Sudoku;
				PRODUCT_NAME = "$(TARGET_NAME)";
			};
			name = Debug;
		};
		69EF13491C5516CD0038C2B4 /* Release */ = {
			isa = XCBuildConfiguration;
			baseConfigurationReference = 41FA458277748E302B2DA70C /* Pods-Sudoku.release.xcconfig */;
			buildSettings = {
				ASSETCATALOG_COMPILER_APPICON_NAME = AppIcon;
				ENABLE_BITCODE = NO;
				INFOPLIST_FILE = Sudoku/Info.plist;
				LD_RUNPATH_SEARCH_PATHS = "$(inherited) @executable_path/Frameworks";
				PRODUCT_BUNDLE_IDENTIFIER = jchap.Sudoku;
				PRODUCT_NAME = "$(TARGET_NAME)";
			};
			name = Release;
		};
		69EF134B1C5516CD0038C2B4 /* Debug */ = {
			isa = XCBuildConfiguration;
			buildSettings = {
				BUNDLE_LOADER = "$(TEST_HOST)";
				INFOPLIST_FILE = SudokuTests/Info.plist;
				LD_RUNPATH_SEARCH_PATHS = "$(inherited) @executable_path/Frameworks @loader_path/Frameworks";
				PRODUCT_BUNDLE_IDENTIFIER = jchap.SudokuTests;
				PRODUCT_NAME = "$(TARGET_NAME)";
				TEST_HOST = "$(BUILT_PRODUCTS_DIR)/Sudoku.app/Sudoku";
			};
			name = Debug;
		};
		69EF134C1C5516CD0038C2B4 /* Release */ = {
			isa = XCBuildConfiguration;
			buildSettings = {
				BUNDLE_LOADER = "$(TEST_HOST)";
				INFOPLIST_FILE = SudokuTests/Info.plist;
				LD_RUNPATH_SEARCH_PATHS = "$(inherited) @executable_path/Frameworks @loader_path/Frameworks";
				PRODUCT_BUNDLE_IDENTIFIER = jchap.SudokuTests;
				PRODUCT_NAME = "$(TARGET_NAME)";
				TEST_HOST = "$(BUILT_PRODUCTS_DIR)/Sudoku.app/Sudoku";
			};
			name = Release;
		};
		69EF134E1C5516CD0038C2B4 /* Debug */ = {
			isa = XCBuildConfiguration;
			buildSettings = {
				INFOPLIST_FILE = SudokuUITests/Info.plist;
				LD_RUNPATH_SEARCH_PATHS = "$(inherited) @executable_path/Frameworks @loader_path/Frameworks";
				PRODUCT_BUNDLE_IDENTIFIER = jchap.SudokuUITests;
				PRODUCT_NAME = "$(TARGET_NAME)";
				TEST_TARGET_NAME = Sudoku;
				USES_XCTRUNNER = YES;
			};
			name = Debug;
		};
		69EF134F1C5516CD0038C2B4 /* Release */ = {
			isa = XCBuildConfiguration;
			buildSettings = {
				INFOPLIST_FILE = SudokuUITests/Info.plist;
				LD_RUNPATH_SEARCH_PATHS = "$(inherited) @executable_path/Frameworks @loader_path/Frameworks";
				PRODUCT_BUNDLE_IDENTIFIER = jchap.SudokuUITests;
				PRODUCT_NAME = "$(TARGET_NAME)";
				TEST_TARGET_NAME = Sudoku;
				USES_XCTRUNNER = YES;
			};
			name = Release;
		};
/* End XCBuildConfiguration section */

/* Begin XCConfigurationList section */
		69EF13151C5516CD0038C2B4 /* Build configuration list for PBXProject "Sudoku" */ = {
			isa = XCConfigurationList;
			buildConfigurations = (
				69EF13451C5516CD0038C2B4 /* Debug */,
				69EF13461C5516CD0038C2B4 /* Release */,
			);
			defaultConfigurationIsVisible = 0;
			defaultConfigurationName = Release;
		};
		69EF13471C5516CD0038C2B4 /* Build configuration list for PBXNativeTarget "Sudoku" */ = {
			isa = XCConfigurationList;
			buildConfigurations = (
				69EF13481C5516CD0038C2B4 /* Debug */,
				69EF13491C5516CD0038C2B4 /* Release */,
			);
			defaultConfigurationIsVisible = 0;
			defaultConfigurationName = Release;
		};
		69EF134A1C5516CD0038C2B4 /* Build configuration list for PBXNativeTarget "SudokuTests" */ = {
			isa = XCConfigurationList;
			buildConfigurations = (
				69EF134B1C5516CD0038C2B4 /* Debug */,
				69EF134C1C5516CD0038C2B4 /* Release */,
			);
			defaultConfigurationIsVisible = 0;
			defaultConfigurationName = Release;
		};
		69EF134D1C5516CD0038C2B4 /* Build configuration list for PBXNativeTarget "SudokuUITests" */ = {
			isa = XCConfigurationList;
			buildConfigurations = (
				69EF134E1C5516CD0038C2B4 /* Debug */,
				69EF134F1C5516CD0038C2B4 /* Release */,
			);
			defaultConfigurationIsVisible = 0;
			defaultConfigurationName = Release;
		};
/* End XCConfigurationList section */
	};
	rootObject = 69EF13121C5516CD0038C2B4 /* Project object */;
}
